
Microsoft Visual Studio Solution File, Format Version 12.00
# Visual Studio Version 17
VisualStudioVersion = 17.3.32714.290
MinimumVisualStudioVersion = 10.0.40219.1
Project("{8BC9CEB8-8B4A-11D0-8D11-00A0C91BC942}") = "Snake", "Snake\Snake.vcxproj", "{17CFC36B-2424-47E1-A346-2DF1B749A2B3}"
EndProject
Global
	GlobalSection(SolutionConfigurationPlatforms) = preSolution
		Debug|x64 = Debug|x64
		Debug|x86 = Debug|x86
		Release|x64 = Release|x64
		Release|x86 = Release|x86
	EndGlobalSection
	GlobalSection(ProjectConfigurationPlatforms) = postSolution
		{17CFC36B-2424-47E1-A346-2DF1B749A2B3}.Debug|x64.ActiveCfg = Debug|x64
		{17CFC36B-2424-47E1-A346-2DF1B749A2B3}.Debug|x64.Build.0 = Debug|x64
		{17CFC36B-2424-47E1-A346-2DF1B749A2B3}.Debug|x86.ActiveCfg = Debug|Win32
		{17CFC36B-2424-47E1-A346-2DF1B749A2B3}.Debug|x86.Build.0 = Debug|Win32
		{17CFC36B-2424-47E1-A346-2DF1B749A2B3}.Release|x64.ActiveCfg = Release|x64
		{17CFC36B-2424-47E1-A346-2DF1B749A2B3}.Release|x64.Build.0 = Release|x64
		{17CFC36B-2424-47E1-A346-2DF1B749A2B3}.Release|x86.ActiveCfg = Release|Win32
		{17CFC36B-2424-47E1-A346-2DF1B749A2B3}.Release|x86.Build.0 = Release|Win32
	EndGlobalSection
	GlobalSection(SolutionProperties) = preSolution
		HideSolutionNode = FALSE
	EndGlobalSection
	GlobalSection(ExtensibilityGlobals) = postSolution
		SolutionGuid = {4A520D3F-11CF-4365-A526-2F1061B46145}
	EndGlobalSection
EndGlobal
